
Microsoft Visual Studio Solution File, Format Version 12.00
# Visual Studio Version 17
VisualStudioVersion = 17.3.32901.215
MinimumVisualStudioVersion = 10.0.40219.1
Project("{FAE04EC0-301F-11D3-BF4B-00C04F79EFBC}") = "sumSeconds", "sumSeconds\sumSeconds.csproj", "{32711524-077F-48CA-8C6D-7500A1AF132B}"
EndProject
Project("{FAE04EC0-301F-11D3-BF4B-00C04F79EFBC}") = "bonusPoints", "bonusPoints\bonusPoints.csproj", "{5A5702F9-F787-4F20-ADF1-410BF787ABF3}"
EndProject
Project("{FAE04EC0-301F-11D3-BF4B-00C04F79EFBC}") = "timePlus15Mins", "timePlus15Mins\timePlus15Mins.csproj", "{69799A86-CC2E-42A3-BE5D-D9F72D471077}"
EndProject
Project("{FAE04EC0-301F-11D3-BF4B-00C04F79EFBC}") = "toyShop", "toyShop\toyShop.csproj", "{1F78E5F9-D54C-45D5-82E9-1917C3F59A2C}"
EndProject
Project("{FAE04EC0-301F-11D3-BF4B-00C04F79EFBC}") = "godzillaVsKong", "godzillaVsKong\godzillaVsKong.csproj", "{067EA2C5-B465-4E16-BD51-8178EA2E8F53}"
EndProject
Project("{FAE04EC0-301F-11D3-BF4B-00C04F79EFBC}") = "worldSwimmingRecord", "worldSwimmingRecord\worldSwimmingRecord.csproj", "{48DBA8CB-478F-4528-ADB9-562094D27415}"
EndProject
Project("{FAE04EC0-301F-11D3-BF4B-00C04F79EFBC}") = "shopping", "shopping\shopping.csproj", "{3620B736-CC6A-4D45-BD34-D12BFB6699DB}"
EndProject
Project("{FAE04EC0-301F-11D3-BF4B-00C04F79EFBC}") = "lunchBreak", "lunchBreak\lunchBreak.csproj", "{82CCCDE7-35BB-481E-AAAF-CEFAD7CAF152}"
EndProject
Global
	GlobalSection(SolutionConfigurationPlatforms) = preSolution
		Debug|Any CPU = Debug|Any CPU
		Release|Any CPU = Release|Any CPU
	EndGlobalSection
	GlobalSection(ProjectConfigurationPlatforms) = postSolution
		{32711524-077F-48CA-8C6D-7500A1AF132B}.Debug|Any CPU.ActiveCfg = Debug|Any CPU
		{32711524-077F-48CA-8C6D-7500A1AF132B}.Debug|Any CPU.Build.0 = Debug|Any CPU
		{32711524-077F-48CA-8C6D-7500A1AF132B}.Release|Any CPU.ActiveCfg = Release|Any CPU
		{32711524-077F-48CA-8C6D-7500A1AF132B}.Release|Any CPU.Build.0 = Release|Any CPU
		{5A5702F9-F787-4F20-ADF1-410BF787ABF3}.Debug|Any CPU.ActiveCfg = Debug|Any CPU
		{5A5702F9-F787-4F20-ADF1-410BF787ABF3}.Debug|Any CPU.Build.0 = Debug|Any CPU
		{5A5702F9-F787-4F20-ADF1-410BF787ABF3}.Release|Any CPU.ActiveCfg = Release|Any CPU
		{5A5702F9-F787-4F20-ADF1-410BF787ABF3}.Release|Any CPU.Build.0 = Release|Any CPU
		{69799A86-CC2E-42A3-BE5D-D9F72D471077}.Debug|Any CPU.ActiveCfg = Debug|Any CPU
		{69799A86-CC2E-42A3-BE5D-D9F72D471077}.Debug|Any CPU.Build.0 = Debug|Any CPU
		{69799A86-CC2E-42A3-BE5D-D9F72D471077}.Release|Any CPU.ActiveCfg = Release|Any CPU
		{69799A86-CC2E-42A3-BE5D-D9F72D471077}.Release|Any CPU.Build.0 = Release|Any CPU
		{1F78E5F9-D54C-45D5-82E9-1917C3F59A2C}.Debug|Any CPU.ActiveCfg = Debug|Any CPU
		{1F78E5F9-D54C-45D5-82E9-1917C3F59A2C}.Debug|Any CPU.Build.0 = Debug|Any CPU
		{1F78E5F9-D54C-45D5-82E9-1917C3F59A2C}.Release|Any CPU.ActiveCfg = Release|Any CPU
		{1F78E5F9-D54C-45D5-82E9-1917C3F59A2C}.Release|Any CPU.Build.0 = Release|Any CPU
		{067EA2C5-B465-4E16-BD51-8178EA2E8F53}.Debug|Any CPU.ActiveCfg = Debug|Any CPU
		{067EA2C5-B465-4E16-BD51-8178EA2E8F53}.Debug|Any CPU.Build.0 = Debug|Any CPU
		{067EA2C5-B465-4E16-BD51-8178EA2E8F53}.Release|Any CPU.ActiveCfg = Release|Any CPU
		{067EA2C5-B465-4E16-BD51-8178EA2E8F53}.Release|Any CPU.Build.0 = Release|Any CPU
		{48DBA8CB-478F-4528-ADB9-562094D27415}.Debug|Any CPU.ActiveCfg = Debug|Any CPU
		{48DBA8CB-478F-4528-ADB9-562094D27415}.Debug|Any CPU.Build.0 = Debug|Any CPU
		{48DBA8CB-478F-4528-ADB9-562094D27415}.Release|Any CPU.ActiveCfg = Release|Any CPU
		{48DBA8CB-478F-4528-ADB9-562094D27415}.Release|Any CPU.Build.0 = Release|Any CPU
		{3620B736-CC6A-4D45-BD34-D12BFB6699DB}.Debug|Any CPU.ActiveCfg = Debug|Any CPU
		{3620B736-CC6A-4D45-BD34-D12BFB6699DB}.Debug|Any CPU.Build.0 = Debug|Any CPU
		{3620B736-CC6A-4D45-BD34-D12BFB6699DB}.Release|Any CPU.ActiveCfg = Release|Any CPU
		{3620B736-CC6A-4D45-BD34-D12BFB6699DB}.Release|Any CPU.Build.0 = Release|Any CPU
		{82CCCDE7-35BB-481E-AAAF-CEFAD7CAF152}.Debug|Any CPU.ActiveCfg = Debug|Any CPU
		{82CCCDE7-35BB-481E-AAAF-CEFAD7CAF152}.Debug|Any CPU.Build.0 = Debug|Any CPU
		{82CCCDE7-35BB-481E-AAAF-CEFAD7CAF152}.Release|Any CPU.ActiveCfg = Release|Any CPU
		{82CCCDE7-35BB-481E-AAAF-CEFAD7CAF152}.Release|Any CPU.Build.0 = Release|Any CPU
	EndGlobalSection
	GlobalSection(SolutionProperties) = preSolution
		HideSolutionNode = FALSE
	EndGlobalSection
	GlobalSection(ExtensibilityGlobals) = postSolution
		SolutionGuid = {8646A602-8918-4CDF-913E-AE49BC8C2F35}
	EndGlobalSection
EndGlobal
