
Microsoft Visual Studio Solution File, Format Version 12.00
# Visual Studio Version 17
VisualStudioVersion = 17.3.32901.215
MinimumVisualStudioVersion = 10.0.40219.1
Project("{FAE04EC0-301F-11D3-BF4B-00C04F79EFBC}") = "Concatenation", "Concatenation.csproj", "{473523CF-F875-4C09-835A-866E232EB82A}"
EndProject
Project("{FAE04EC0-301F-11D3-BF4B-00C04F79EFBC}") = "ProjectCreation", "..\ProjectCreation\ProjectCreation.csproj", "{A9D8A11F-630C-4EE6-9AE6-909A23D295E0}"
EndProject
Project("{FAE04EC0-301F-11D3-BF4B-00C04F79EFBC}") = "zooStore", "..\zooStore\zooStore.csproj", "{3904BE03-8390-474D-BE6C-B017A22EDE31}"
EndProject
Global
	GlobalSection(SolutionConfigurationPlatforms) = preSolution
		Debug|Any CPU = Debug|Any CPU
		Release|Any CPU = Release|Any CPU
	EndGlobalSection
	GlobalSection(ProjectConfigurationPlatforms) = postSolution
		{473523CF-F875-4C09-835A-866E232EB82A}.Debug|Any CPU.ActiveCfg = Debug|Any CPU
		{473523CF-F875-4C09-835A-866E232EB82A}.Debug|Any CPU.Build.0 = Debug|Any CPU
		{473523CF-F875-4C09-835A-866E232EB82A}.Release|Any CPU.ActiveCfg = Release|Any CPU
		{473523CF-F875-4C09-835A-866E232EB82A}.Release|Any CPU.Build.0 = Release|Any CPU
		{A9D8A11F-630C-4EE6-9AE6-909A23D295E0}.Debug|Any CPU.ActiveCfg = Debug|Any CPU
		{A9D8A11F-630C-4EE6-9AE6-909A23D295E0}.Debug|Any CPU.Build.0 = Debug|Any CPU
		{A9D8A11F-630C-4EE6-9AE6-909A23D295E0}.Release|Any CPU.ActiveCfg = Release|Any CPU
		{A9D8A11F-630C-4EE6-9AE6-909A23D295E0}.Release|Any CPU.Build.0 = Release|Any CPU
		{3904BE03-8390-474D-BE6C-B017A22EDE31}.Debug|Any CPU.ActiveCfg = Debug|Any CPU
		{3904BE03-8390-474D-BE6C-B017A22EDE31}.Debug|Any CPU.Build.0 = Debug|Any CPU
		{3904BE03-8390-474D-BE6C-B017A22EDE31}.Release|Any CPU.ActiveCfg = Release|Any CPU
		{3904BE03-8390-474D-BE6C-B017A22EDE31}.Release|Any CPU.Build.0 = Release|Any CPU
	EndGlobalSection
	GlobalSection(SolutionProperties) = preSolution
		HideSolutionNode = FALSE
	EndGlobalSection
	GlobalSection(ExtensibilityGlobals) = postSolution
		SolutionGuid = {9793FDC3-577C-4433-A6BC-DD892E585A01}
	EndGlobalSection
EndGlobal
