
Microsoft Visual Studio Solution File, Format Version 12.00
# Visual Studio Version 17
VisualStudioVersion = 17.3.32901.215
MinimumVisualStudioVersion = 10.0.40219.1
Project("{FAE04EC0-301F-11D3-BF4B-00C04F79EFBC}") = "excellentGrade", "excellentGrade\excellentGrade.csproj", "{6B4AE647-0990-4774-AB3C-08D355F707CF}"
EndProject
Project("{FAE04EC0-301F-11D3-BF4B-00C04F79EFBC}") = "theGreaterNumber", "theGreaterNumber\theGreaterNumber.csproj", "{3761EE9D-867F-4BD4-B1AB-D875310BFA67}"
EndProject
Project("{FAE04EC0-301F-11D3-BF4B-00C04F79EFBC}") = "evenOrOdd", "evenOrOdd\evenOrOdd.csproj", "{C14D3128-5F08-4C25-8420-D6FA3F675E91}"
EndProject
Project("{FAE04EC0-301F-11D3-BF4B-00C04F79EFBC}") = "gueessThePassword", "gueessThePassword\gueessThePassword.csproj", "{CCBE21D6-094B-4A3D-B28E-F6F13BC3E16E}"
EndProject
Project("{FAE04EC0-301F-11D3-BF4B-00C04F79EFBC}") = "numberHundredToTwoHundred", "numberHundredToTwoHundred\numberHundredToTwoHundred.csproj", "{180BE8E3-9B69-4070-B1CE-EEE5D65980A2}"
EndProject
Project("{FAE04EC0-301F-11D3-BF4B-00C04F79EFBC}") = "speedInfo", "speedInfo\speedInfo.csproj", "{57C09245-CA96-4B0A-B7D0-73E4F74B2D96}"
EndProject
Global
	GlobalSection(SolutionConfigurationPlatforms) = preSolution
		Debug|Any CPU = Debug|Any CPU
		Release|Any CPU = Release|Any CPU
	EndGlobalSection
	GlobalSection(ProjectConfigurationPlatforms) = postSolution
		{6B4AE647-0990-4774-AB3C-08D355F707CF}.Debug|Any CPU.ActiveCfg = Debug|Any CPU
		{6B4AE647-0990-4774-AB3C-08D355F707CF}.Debug|Any CPU.Build.0 = Debug|Any CPU
		{6B4AE647-0990-4774-AB3C-08D355F707CF}.Release|Any CPU.ActiveCfg = Release|Any CPU
		{6B4AE647-0990-4774-AB3C-08D355F707CF}.Release|Any CPU.Build.0 = Release|Any CPU
		{3761EE9D-867F-4BD4-B1AB-D875310BFA67}.Debug|Any CPU.ActiveCfg = Debug|Any CPU
		{3761EE9D-867F-4BD4-B1AB-D875310BFA67}.Debug|Any CPU.Build.0 = Debug|Any CPU
		{3761EE9D-867F-4BD4-B1AB-D875310BFA67}.Release|Any CPU.ActiveCfg = Release|Any CPU
		{3761EE9D-867F-4BD4-B1AB-D875310BFA67}.Release|Any CPU.Build.0 = Release|Any CPU
		{C14D3128-5F08-4C25-8420-D6FA3F675E91}.Debug|Any CPU.ActiveCfg = Debug|Any CPU
		{C14D3128-5F08-4C25-8420-D6FA3F675E91}.Debug|Any CPU.Build.0 = Debug|Any CPU
		{C14D3128-5F08-4C25-8420-D6FA3F675E91}.Release|Any CPU.ActiveCfg = Release|Any CPU
		{C14D3128-5F08-4C25-8420-D6FA3F675E91}.Release|Any CPU.Build.0 = Release|Any CPU
		{CCBE21D6-094B-4A3D-B28E-F6F13BC3E16E}.Debug|Any CPU.ActiveCfg = Debug|Any CPU
		{CCBE21D6-094B-4A3D-B28E-F6F13BC3E16E}.Debug|Any CPU.Build.0 = Debug|Any CPU
		{CCBE21D6-094B-4A3D-B28E-F6F13BC3E16E}.Release|Any CPU.ActiveCfg = Release|Any CPU
		{CCBE21D6-094B-4A3D-B28E-F6F13BC3E16E}.Release|Any CPU.Build.0 = Release|Any CPU
		{180BE8E3-9B69-4070-B1CE-EEE5D65980A2}.Debug|Any CPU.ActiveCfg = Debug|Any CPU
		{180BE8E3-9B69-4070-B1CE-EEE5D65980A2}.Debug|Any CPU.Build.0 = Debug|Any CPU
		{180BE8E3-9B69-4070-B1CE-EEE5D65980A2}.Release|Any CPU.ActiveCfg = Release|Any CPU
		{180BE8E3-9B69-4070-B1CE-EEE5D65980A2}.Release|Any CPU.Build.0 = Release|Any CPU
		{57C09245-CA96-4B0A-B7D0-73E4F74B2D96}.Debug|Any CPU.ActiveCfg = Debug|Any CPU
		{57C09245-CA96-4B0A-B7D0-73E4F74B2D96}.Debug|Any CPU.Build.0 = Debug|Any CPU
		{57C09245-CA96-4B0A-B7D0-73E4F74B2D96}.Release|Any CPU.ActiveCfg = Release|Any CPU
		{57C09245-CA96-4B0A-B7D0-73E4F74B2D96}.Release|Any CPU.Build.0 = Release|Any CPU
	EndGlobalSection
	GlobalSection(SolutionProperties) = preSolution
		HideSolutionNode = FALSE
	EndGlobalSection
	GlobalSection(ExtensibilityGlobals) = postSolution
		SolutionGuid = {E40F3D41-F8FF-4390-B0A1-1BE7C2B21EAC}
	EndGlobalSection
EndGlobal
