
Microsoft Visual Studio Solution File, Format Version 12.00
# Visual Studio Version 17
VisualStudioVersion = 17.3.32901.215
MinimumVisualStudioVersion = 10.0.40219.1
Project("{FAE04EC0-301F-11D3-BF4B-00C04F79EFBC}") = "cinema", "..\cinema\cinema.csproj", "{5DD67782-4C48-4A95-91DE-22A8D48ED108}"
EndProject
Project("{FAE04EC0-301F-11D3-BF4B-00C04F79EFBC}") = "summerClothing", "..\summerClothing\summerClothing.csproj", "{BCF14339-35A2-41DC-A594-78D7A9410A26}"
EndProject
Project("{FAE04EC0-301F-11D3-BF4B-00C04F79EFBC}") = "newHome", "..\newHome\newHome.csproj", "{61BA62DF-0ED9-486A-9BD3-CD9D6471B71F}"
EndProject
Project("{FAE04EC0-301F-11D3-BF4B-00C04F79EFBC}") = "fishingBoat", "..\fishingBoat\fishingBoat.csproj", "{B9DD6D32-6477-4F75-88BD-1391F201B3A6}"
EndProject
Global
	GlobalSection(SolutionConfigurationPlatforms) = preSolution
		Debug|Any CPU = Debug|Any CPU
		Release|Any CPU = Release|Any CPU
	EndGlobalSection
	GlobalSection(ProjectConfigurationPlatforms) = postSolution
		{5DD67782-4C48-4A95-91DE-22A8D48ED108}.Debug|Any CPU.ActiveCfg = Debug|Any CPU
		{5DD67782-4C48-4A95-91DE-22A8D48ED108}.Debug|Any CPU.Build.0 = Debug|Any CPU
		{5DD67782-4C48-4A95-91DE-22A8D48ED108}.Release|Any CPU.ActiveCfg = Release|Any CPU
		{5DD67782-4C48-4A95-91DE-22A8D48ED108}.Release|Any CPU.Build.0 = Release|Any CPU
		{BCF14339-35A2-41DC-A594-78D7A9410A26}.Debug|Any CPU.ActiveCfg = Debug|Any CPU
		{BCF14339-35A2-41DC-A594-78D7A9410A26}.Debug|Any CPU.Build.0 = Debug|Any CPU
		{BCF14339-35A2-41DC-A594-78D7A9410A26}.Release|Any CPU.ActiveCfg = Release|Any CPU
		{BCF14339-35A2-41DC-A594-78D7A9410A26}.Release|Any CPU.Build.0 = Release|Any CPU
		{61BA62DF-0ED9-486A-9BD3-CD9D6471B71F}.Debug|Any CPU.ActiveCfg = Debug|Any CPU
		{61BA62DF-0ED9-486A-9BD3-CD9D6471B71F}.Debug|Any CPU.Build.0 = Debug|Any CPU
		{61BA62DF-0ED9-486A-9BD3-CD9D6471B71F}.Release|Any CPU.ActiveCfg = Release|Any CPU
		{61BA62DF-0ED9-486A-9BD3-CD9D6471B71F}.Release|Any CPU.Build.0 = Release|Any CPU
		{B9DD6D32-6477-4F75-88BD-1391F201B3A6}.Debug|Any CPU.ActiveCfg = Debug|Any CPU
		{B9DD6D32-6477-4F75-88BD-1391F201B3A6}.Debug|Any CPU.Build.0 = Debug|Any CPU
		{B9DD6D32-6477-4F75-88BD-1391F201B3A6}.Release|Any CPU.ActiveCfg = Release|Any CPU
		{B9DD6D32-6477-4F75-88BD-1391F201B3A6}.Release|Any CPU.Build.0 = Release|Any CPU
	EndGlobalSection
	GlobalSection(SolutionProperties) = preSolution
		HideSolutionNode = FALSE
	EndGlobalSection
	GlobalSection(ExtensibilityGlobals) = postSolution
		SolutionGuid = {733C0053-FB15-4E21-930B-69ACFA427574}
	EndGlobalSection
EndGlobal
