
Microsoft Visual Studio Solution File, Format Version 12.00
# Visual Studio Version 17
VisualStudioVersion = 17.3.32901.215
MinimumVisualStudioVersion = 10.0.40219.1
Project("{FAE04EC0-301F-11D3-BF4B-00C04F79EFBC}") = "dayOfTheWeek", "dayOfTheWeek\dayOfTheWeek.csproj", "{C9F8CEB5-D2A4-411D-A0F9-12C55909EE5B}"
EndProject
Project("{FAE04EC0-301F-11D3-BF4B-00C04F79EFBC}") = "workingDayOrWeekend", "workingDayOrWeekend\workingDayOrWeekend.csproj", "{10B32FDC-3121-4B2D-8879-B15FDCFF54D6}"
EndProject
Project("{FAE04EC0-301F-11D3-BF4B-00C04F79EFBC}") = "classAnimal", "classAnimal\classAnimal.csproj", "{72E9A32B-0597-4A85-A2B4-E23A7EF7F714}"
EndProject
Project("{FAE04EC0-301F-11D3-BF4B-00C04F79EFBC}") = "personalTitles", "personalTitles\personalTitles.csproj", "{15B23470-FED7-4C45-AAEB-223707049F81}"
EndProject
Global
	GlobalSection(SolutionConfigurationPlatforms) = preSolution
		Debug|Any CPU = Debug|Any CPU
		Release|Any CPU = Release|Any CPU
	EndGlobalSection
	GlobalSection(ProjectConfigurationPlatforms) = postSolution
		{C9F8CEB5-D2A4-411D-A0F9-12C55909EE5B}.Debug|Any CPU.ActiveCfg = Debug|Any CPU
		{C9F8CEB5-D2A4-411D-A0F9-12C55909EE5B}.Debug|Any CPU.Build.0 = Debug|Any CPU
		{C9F8CEB5-D2A4-411D-A0F9-12C55909EE5B}.Release|Any CPU.ActiveCfg = Release|Any CPU
		{C9F8CEB5-D2A4-411D-A0F9-12C55909EE5B}.Release|Any CPU.Build.0 = Release|Any CPU
		{10B32FDC-3121-4B2D-8879-B15FDCFF54D6}.Debug|Any CPU.ActiveCfg = Debug|Any CPU
		{10B32FDC-3121-4B2D-8879-B15FDCFF54D6}.Debug|Any CPU.Build.0 = Debug|Any CPU
		{10B32FDC-3121-4B2D-8879-B15FDCFF54D6}.Release|Any CPU.ActiveCfg = Release|Any CPU
		{10B32FDC-3121-4B2D-8879-B15FDCFF54D6}.Release|Any CPU.Build.0 = Release|Any CPU
		{72E9A32B-0597-4A85-A2B4-E23A7EF7F714}.Debug|Any CPU.ActiveCfg = Debug|Any CPU
		{72E9A32B-0597-4A85-A2B4-E23A7EF7F714}.Debug|Any CPU.Build.0 = Debug|Any CPU
		{72E9A32B-0597-4A85-A2B4-E23A7EF7F714}.Release|Any CPU.ActiveCfg = Release|Any CPU
		{72E9A32B-0597-4A85-A2B4-E23A7EF7F714}.Release|Any CPU.Build.0 = Release|Any CPU
		{15B23470-FED7-4C45-AAEB-223707049F81}.Debug|Any CPU.ActiveCfg = Debug|Any CPU
		{15B23470-FED7-4C45-AAEB-223707049F81}.Debug|Any CPU.Build.0 = Debug|Any CPU
		{15B23470-FED7-4C45-AAEB-223707049F81}.Release|Any CPU.ActiveCfg = Release|Any CPU
		{15B23470-FED7-4C45-AAEB-223707049F81}.Release|Any CPU.Build.0 = Release|Any CPU
	EndGlobalSection
	GlobalSection(SolutionProperties) = preSolution
		HideSolutionNode = FALSE
	EndGlobalSection
	GlobalSection(ExtensibilityGlobals) = postSolution
		SolutionGuid = {00244CC2-8E3A-4526-B1B8-546843DDB3E2}
	EndGlobalSection
EndGlobal
