
Microsoft Visual Studio Solution File, Format Version 12.00
# Visual Studio Version 17
VisualStudioVersion = 17.3.32901.215
MinimumVisualStudioVersion = 10.0.40219.1
Project("{FAE04EC0-301F-11D3-BF4B-00C04F79EFBC}") = "nums1To100", "nums1To100\nums1To100.csproj", "{6FC1A134-FBDF-4A84-955F-37F7668854E3}"
EndProject
Project("{FAE04EC0-301F-11D3-BF4B-00C04F79EFBC}") = "numsNTo1", "numsNTo1\numsNTo1.csproj", "{A09547DB-3745-41AD-86EE-8C92D8A2A713}"
EndProject
Project("{FAE04EC0-301F-11D3-BF4B-00C04F79EFBC}") = "nums1ToNWithStep3", "nums1ToNWithStep3\nums1ToNWithStep3.csproj", "{8B1C1C14-8E8F-4683-9059-FC0AEA736585}"
EndProject
Project("{FAE04EC0-301F-11D3-BF4B-00C04F79EFBC}") = "evenPowersOf2", "evenPowersOf2\evenPowersOf2.csproj", "{38DB5053-5428-4B31-9AD7-868EAE846C8C}"
EndProject
Project("{FAE04EC0-301F-11D3-BF4B-00C04F79EFBC}") = "characterSequence", "characterSequence\characterSequence.csproj", "{DE4586B8-7059-4806-9C2A-7C04D55F3A56}"
EndProject
Project("{FAE04EC0-301F-11D3-BF4B-00C04F79EFBC}") = "vowelsSum", "vowelsSum\vowelsSum.csproj", "{3D9D02F3-A2B5-4CEC-8550-438D0FF4130A}"
EndProject
Project("{FAE04EC0-301F-11D3-BF4B-00C04F79EFBC}") = "sumNums", "sumNums\sumNums.csproj", "{A0B9DF6D-29D9-41FC-8D7F-CB5703316BBD}"
EndProject
Project("{FAE04EC0-301F-11D3-BF4B-00C04F79EFBC}") = "numberSequence", "numberSequence\numberSequence.csproj", "{1B16CE0A-C846-428C-9F71-D8EED6517484}"
EndProject
Project("{FAE04EC0-301F-11D3-BF4B-00C04F79EFBC}") = "leftAndRightSum", "leftAndRightSum\leftAndRightSum.csproj", "{2240CE77-51E2-4F6F-886D-6487205F079C}"
EndProject
Global
	GlobalSection(SolutionConfigurationPlatforms) = preSolution
		Debug|Any CPU = Debug|Any CPU
		Release|Any CPU = Release|Any CPU
	EndGlobalSection
	GlobalSection(ProjectConfigurationPlatforms) = postSolution
		{6FC1A134-FBDF-4A84-955F-37F7668854E3}.Debug|Any CPU.ActiveCfg = Debug|Any CPU
		{6FC1A134-FBDF-4A84-955F-37F7668854E3}.Debug|Any CPU.Build.0 = Debug|Any CPU
		{6FC1A134-FBDF-4A84-955F-37F7668854E3}.Release|Any CPU.ActiveCfg = Release|Any CPU
		{6FC1A134-FBDF-4A84-955F-37F7668854E3}.Release|Any CPU.Build.0 = Release|Any CPU
		{A09547DB-3745-41AD-86EE-8C92D8A2A713}.Debug|Any CPU.ActiveCfg = Debug|Any CPU
		{A09547DB-3745-41AD-86EE-8C92D8A2A713}.Debug|Any CPU.Build.0 = Debug|Any CPU
		{A09547DB-3745-41AD-86EE-8C92D8A2A713}.Release|Any CPU.ActiveCfg = Release|Any CPU
		{A09547DB-3745-41AD-86EE-8C92D8A2A713}.Release|Any CPU.Build.0 = Release|Any CPU
		{8B1C1C14-8E8F-4683-9059-FC0AEA736585}.Debug|Any CPU.ActiveCfg = Debug|Any CPU
		{8B1C1C14-8E8F-4683-9059-FC0AEA736585}.Debug|Any CPU.Build.0 = Debug|Any CPU
		{8B1C1C14-8E8F-4683-9059-FC0AEA736585}.Release|Any CPU.ActiveCfg = Release|Any CPU
		{8B1C1C14-8E8F-4683-9059-FC0AEA736585}.Release|Any CPU.Build.0 = Release|Any CPU
		{38DB5053-5428-4B31-9AD7-868EAE846C8C}.Debug|Any CPU.ActiveCfg = Debug|Any CPU
		{38DB5053-5428-4B31-9AD7-868EAE846C8C}.Debug|Any CPU.Build.0 = Debug|Any CPU
		{38DB5053-5428-4B31-9AD7-868EAE846C8C}.Release|Any CPU.ActiveCfg = Release|Any CPU
		{38DB5053-5428-4B31-9AD7-868EAE846C8C}.Release|Any CPU.Build.0 = Release|Any CPU
		{DE4586B8-7059-4806-9C2A-7C04D55F3A56}.Debug|Any CPU.ActiveCfg = Debug|Any CPU
		{DE4586B8-7059-4806-9C2A-7C04D55F3A56}.Debug|Any CPU.Build.0 = Debug|Any CPU
		{DE4586B8-7059-4806-9C2A-7C04D55F3A56}.Release|Any CPU.ActiveCfg = Release|Any CPU
		{DE4586B8-7059-4806-9C2A-7C04D55F3A56}.Release|Any CPU.Build.0 = Release|Any CPU
		{3D9D02F3-A2B5-4CEC-8550-438D0FF4130A}.Debug|Any CPU.ActiveCfg = Debug|Any CPU
		{3D9D02F3-A2B5-4CEC-8550-438D0FF4130A}.Debug|Any CPU.Build.0 = Debug|Any CPU
		{3D9D02F3-A2B5-4CEC-8550-438D0FF4130A}.Release|Any CPU.ActiveCfg = Release|Any CPU
		{3D9D02F3-A2B5-4CEC-8550-438D0FF4130A}.Release|Any CPU.Build.0 = Release|Any CPU
		{A0B9DF6D-29D9-41FC-8D7F-CB5703316BBD}.Debug|Any CPU.ActiveCfg = Debug|Any CPU
		{A0B9DF6D-29D9-41FC-8D7F-CB5703316BBD}.Debug|Any CPU.Build.0 = Debug|Any CPU
		{A0B9DF6D-29D9-41FC-8D7F-CB5703316BBD}.Release|Any CPU.ActiveCfg = Release|Any CPU
		{A0B9DF6D-29D9-41FC-8D7F-CB5703316BBD}.Release|Any CPU.Build.0 = Release|Any CPU
		{1B16CE0A-C846-428C-9F71-D8EED6517484}.Debug|Any CPU.ActiveCfg = Debug|Any CPU
		{1B16CE0A-C846-428C-9F71-D8EED6517484}.Debug|Any CPU.Build.0 = Debug|Any CPU
		{1B16CE0A-C846-428C-9F71-D8EED6517484}.Release|Any CPU.ActiveCfg = Release|Any CPU
		{1B16CE0A-C846-428C-9F71-D8EED6517484}.Release|Any CPU.Build.0 = Release|Any CPU
		{2240CE77-51E2-4F6F-886D-6487205F079C}.Debug|Any CPU.ActiveCfg = Debug|Any CPU
		{2240CE77-51E2-4F6F-886D-6487205F079C}.Debug|Any CPU.Build.0 = Debug|Any CPU
		{2240CE77-51E2-4F6F-886D-6487205F079C}.Release|Any CPU.ActiveCfg = Release|Any CPU
		{2240CE77-51E2-4F6F-886D-6487205F079C}.Release|Any CPU.Build.0 = Release|Any CPU
	EndGlobalSection
	GlobalSection(SolutionProperties) = preSolution
		HideSolutionNode = FALSE
	EndGlobalSection
	GlobalSection(ExtensibilityGlobals) = postSolution
		SolutionGuid = {DB426E70-5A27-483A-B2F3-66A4B16ECB77}
	EndGlobalSection
EndGlobal
