
Microsoft Visual Studio Solution File, Format Version 12.00
# Visual Studio Version 17
VisualStudioVersion = 17.3.32901.215
MinimumVisualStudioVersion = 10.0.40219.1
Project("{FAE04EC0-301F-11D3-BF4B-00C04F79EFBC}") = "usdToBgnConvertor", "usdToBgnConvertor.csproj", "{A2CEFF5B-37FC-4FE9-A6B5-BFF6AE56A6B7}"
EndProject
Project("{FAE04EC0-301F-11D3-BF4B-00C04F79EFBC}") = "radiansToCelsius", "..\radiansToCelsius\radiansToCelsius.csproj", "{7E7AEB8E-1CE0-46EF-94C3-FC4340F8EEED}"
EndProject
Project("{FAE04EC0-301F-11D3-BF4B-00C04F79EFBC}") = "depositCalculator", "..\depositCalculator\depositCalculator.csproj", "{D201E5D6-DA79-4E3E-8CB4-F7818FCE5C7D}"
EndProject
Project("{FAE04EC0-301F-11D3-BF4B-00C04F79EFBC}") = "vacationBookList", "..\vacationBookList\vacationBookList.csproj", "{89445478-8529-4AEB-A619-24F2AEED85FC}"
EndProject
Global
	GlobalSection(SolutionConfigurationPlatforms) = preSolution
		Debug|Any CPU = Debug|Any CPU
		Release|Any CPU = Release|Any CPU
	EndGlobalSection
	GlobalSection(ProjectConfigurationPlatforms) = postSolution
		{A2CEFF5B-37FC-4FE9-A6B5-BFF6AE56A6B7}.Debug|Any CPU.ActiveCfg = Debug|Any CPU
		{A2CEFF5B-37FC-4FE9-A6B5-BFF6AE56A6B7}.Debug|Any CPU.Build.0 = Debug|Any CPU
		{A2CEFF5B-37FC-4FE9-A6B5-BFF6AE56A6B7}.Release|Any CPU.ActiveCfg = Release|Any CPU
		{A2CEFF5B-37FC-4FE9-A6B5-BFF6AE56A6B7}.Release|Any CPU.Build.0 = Release|Any CPU
		{7E7AEB8E-1CE0-46EF-94C3-FC4340F8EEED}.Debug|Any CPU.ActiveCfg = Debug|Any CPU
		{7E7AEB8E-1CE0-46EF-94C3-FC4340F8EEED}.Debug|Any CPU.Build.0 = Debug|Any CPU
		{7E7AEB8E-1CE0-46EF-94C3-FC4340F8EEED}.Release|Any CPU.ActiveCfg = Release|Any CPU
		{7E7AEB8E-1CE0-46EF-94C3-FC4340F8EEED}.Release|Any CPU.Build.0 = Release|Any CPU
		{D201E5D6-DA79-4E3E-8CB4-F7818FCE5C7D}.Debug|Any CPU.ActiveCfg = Debug|Any CPU
		{D201E5D6-DA79-4E3E-8CB4-F7818FCE5C7D}.Debug|Any CPU.Build.0 = Debug|Any CPU
		{D201E5D6-DA79-4E3E-8CB4-F7818FCE5C7D}.Release|Any CPU.ActiveCfg = Release|Any CPU
		{D201E5D6-DA79-4E3E-8CB4-F7818FCE5C7D}.Release|Any CPU.Build.0 = Release|Any CPU
		{89445478-8529-4AEB-A619-24F2AEED85FC}.Debug|Any CPU.ActiveCfg = Debug|Any CPU
		{89445478-8529-4AEB-A619-24F2AEED85FC}.Debug|Any CPU.Build.0 = Debug|Any CPU
		{89445478-8529-4AEB-A619-24F2AEED85FC}.Release|Any CPU.ActiveCfg = Release|Any CPU
		{89445478-8529-4AEB-A619-24F2AEED85FC}.Release|Any CPU.Build.0 = Release|Any CPU
	EndGlobalSection
	GlobalSection(SolutionProperties) = preSolution
		HideSolutionNode = FALSE
	EndGlobalSection
	GlobalSection(ExtensibilityGlobals) = postSolution
		SolutionGuid = {B7FFF943-2E7C-4F22-BBD7-3C28A30330E4}
	EndGlobalSection
EndGlobal
